// !$*UTF8*$!
{
	archiveVersion = 1;
	classes = {
	};
	objectVersion = 46;
	objects = {

/* Begin PBXBuildFile section */
		7F117F201A8B518F0060A32D /* AppDelegate.swift in Sources */ = {isa = PBXBuildFile; fileRef = 7F117F1F1A8B518F0060A32D /* AppDelegate.swift */; };
		7F117F221A8B518F0060A32D /* ViewController.swift in Sources */ = {isa = PBXBuildFile; fileRef = 7F117F211A8B518F0060A32D /* ViewController.swift */; };
		7F117F251A8B518F0060A32D /* Main.storyboard in Resources */ = {isa = PBXBuildFile; fileRef = 7F117F231A8B518F0060A32D /* Main.storyboard */; };
		7F117F271A8B518F0060A32D /* Images.xcassets in Resources */ = {isa = PBXBuildFile; fileRef = 7F117F261A8B518F0060A32D /* Images.xcassets */; };
		7F117F2A1A8B518F0060A32D /* LaunchScreen.xib in Resources */ = {isa = PBXBuildFile; fileRef = 7F117F281A8B518F0060A32D /* LaunchScreen.xib */; };
		7F117F361A8B518F0060A32D /* APILayerDemoTests.swift in Sources */ = {isa = PBXBuildFile; fileRef = 7F117F351A8B518F0060A32D /* APILayerDemoTests.swift */; };
		7F4628641A8B56620075C0FB /* AlamofireExtension.swift in Sources */ = {isa = PBXBuildFile; fileRef = 7F46285D1A8B56620075C0FB /* AlamofireExtension.swift */; };
		7F4628651A8B56620075C0FB /* API.swift in Sources */ = {isa = PBXBuildFile; fileRef = 7F46285E1A8B56620075C0FB /* API.swift */; };
		7F4628681A8B56620075C0FB /* ParameterMapper.swift in Sources */ = {isa = PBXBuildFile; fileRef = 7F4628611A8B56620075C0FB /* ParameterMapper.swift */; };
		7F4628691A8B56620075C0FB /* Router.swift in Sources */ = {isa = PBXBuildFile; fileRef = 7F4628621A8B56620075C0FB /* Router.swift */; };
		7F46286A1A8B56620075C0FB /* DemoItem.swift in Sources */ = {isa = PBXBuildFile; fileRef = 7F4628631A8B56620075C0FB /* DemoItem.swift */; };
		7F46286E1A8B5FEE0075C0FB /* DemoItems.swift in Sources */ = {isa = PBXBuildFile; fileRef = 7F46286D1A8B5FEE0075C0FB /* DemoItems.swift */; };
		9DD010A31AB49CA0003AD961 /* Alamofire.framework in Frameworks */ = {isa = PBXBuildFile; fileRef = 9DD010A21AB49CA0003AD961 /* Alamofire.framework */; };
		9DD010A41AB4AAF2003AD961 /* API.swift in Sources */ = {isa = PBXBuildFile; fileRef = 7F46285E1A8B56620075C0FB /* API.swift */; };
		9DD010A51AB4AB01003AD961 /* ParameterMapper.swift in Sources */ = {isa = PBXBuildFile; fileRef = 7F4628611A8B56620075C0FB /* ParameterMapper.swift */; };
		9DD010A61AB4AB17003AD961 /* Mapper.swift in Sources */ = {isa = PBXBuildFile; fileRef = 9DF63E961AB4804100B527B9 /* Mapper.swift */; };
		9DD010A71AB4AB1A003AD961 /* Router.swift in Sources */ = {isa = PBXBuildFile; fileRef = 7F4628621A8B56620075C0FB /* Router.swift */; };
		9DD010A81AB4AB28003AD961 /* APIProtocols.swift in Sources */ = {isa = PBXBuildFile; fileRef = 9DF63E9A1AB4827000B527B9 /* APIProtocols.swift */; };
		9DD010A91AB4AB54003AD961 /* Alamofire.framework in CopyFiles */ = {isa = PBXBuildFile; fileRef = 9DD010A21AB49CA0003AD961 /* Alamofire.framework */; settings = {ATTRIBUTES = (CodeSignOnCopy, RemoveHeadersOnCopy, ); }; };
		9DD010AA1AB4AB76003AD961 /* AlamofireExtension.swift in Sources */ = {isa = PBXBuildFile; fileRef = 7F46285D1A8B56620075C0FB /* AlamofireExtension.swift */; };
		9DD010AB1AB4ABFC003AD961 /* DemoItem.swift in Sources */ = {isa = PBXBuildFile; fileRef = 7F4628631A8B56620075C0FB /* DemoItem.swift */; };
		9DD010AC1AB4ABFC003AD961 /* DemoItems.swift in Sources */ = {isa = PBXBuildFile; fileRef = 7F46286D1A8B5FEE0075C0FB /* DemoItems.swift */; };
		9DF63E971AB4804100B527B9 /* Mapper.swift in Sources */ = {isa = PBXBuildFile; fileRef = 9DF63E961AB4804100B527B9 /* Mapper.swift */; };
		9DF63E9B1AB4827000B527B9 /* APIProtocols.swift in Sources */ = {isa = PBXBuildFile; fileRef = 9DF63E9A1AB4827000B527B9 /* APIProtocols.swift */; };
/* End PBXBuildFile section */

/* Begin PBXContainerItemProxy section */
		7F117F301A8B518F0060A32D /* PBXContainerItemProxy */ = {
			isa = PBXContainerItemProxy;
			containerPortal = 7F117F121A8B518F0060A32D /* Project object */;
			proxyType = 1;
			remoteGlobalIDString = 7F117F191A8B518F0060A32D;
			remoteInfo = APILayerDemo;
		};
/* End PBXContainerItemProxy section */

/* Begin PBXCopyFilesBuildPhase section */
		9DF63E981AB480A100B527B9 /* CopyFiles */ = {
			isa = PBXCopyFilesBuildPhase;
			buildActionMask = 2147483647;
			dstPath = "";
			dstSubfolderSpec = 10;
			files = (
				9DD010A91AB4AB54003AD961 /* Alamofire.framework in CopyFiles */,
			);
			runOnlyForDeploymentPostprocessing = 0;
		};
		9DF63E9C1AB484BD00B527B9 /* CopyFiles */ = {
			isa = PBXCopyFilesBuildPhase;
			buildActionMask = 2147483647;
			dstPath = "";
			dstSubfolderSpec = 10;
			files = (
			);
			runOnlyForDeploymentPostprocessing = 0;
		};
/* End PBXCopyFilesBuildPhase section */

/* Begin PBXFileReference section */
		7F117F1A1A8B518F0060A32D /* APILayerDemo.app */ = {isa = PBXFileReference; explicitFileType = wrapper.application; includeInIndex = 0; path = APILayerDemo.app; sourceTree = BUILT_PRODUCTS_DIR; };
		7F117F1E1A8B518F0060A32D /* Info.plist */ = {isa = PBXFileReference; lastKnownFileType = text.plist.xml; path = Info.plist; sourceTree = "<group>"; };
		7F117F1F1A8B518F0060A32D /* AppDelegate.swift */ = {isa = PBXFileReference; lastKnownFileType = sourcecode.swift; path = AppDelegate.swift; sourceTree = "<group>"; };
		7F117F211A8B518F0060A32D /* ViewController.swift */ = {isa = PBXFileReference; lastKnownFileType = sourcecode.swift; path = ViewController.swift; sourceTree = "<group>"; };
		7F117F241A8B518F0060A32D /* Base */ = {isa = PBXFileReference; lastKnownFileType = file.storyboard; name = Base; path = Base.lproj/Main.storyboard; sourceTree = "<group>"; };
		7F117F261A8B518F0060A32D /* Images.xcassets */ = {isa = PBXFileReference; lastKnownFileType = folder.assetcatalog; path = Images.xcassets; sourceTree = "<group>"; };
		7F117F291A8B518F0060A32D /* Base */ = {isa = PBXFileReference; lastKnownFileType = file.xib; name = Base; path = Base.lproj/LaunchScreen.xib; sourceTree = "<group>"; };
		7F117F2F1A8B518F0060A32D /* APILayerDemoTests.xctest */ = {isa = PBXFileReference; explicitFileType = wrapper.cfbundle; includeInIndex = 0; path = APILayerDemoTests.xctest; sourceTree = BUILT_PRODUCTS_DIR; };
		7F117F341A8B518F0060A32D /* Info.plist */ = {isa = PBXFileReference; lastKnownFileType = text.plist.xml; path = Info.plist; sourceTree = "<group>"; };
		7F117F351A8B518F0060A32D /* APILayerDemoTests.swift */ = {isa = PBXFileReference; lastKnownFileType = sourcecode.swift; path = APILayerDemoTests.swift; sourceTree = "<group>"; };
		7F46285D1A8B56620075C0FB /* AlamofireExtension.swift */ = {isa = PBXFileReference; fileEncoding = 4; lastKnownFileType = sourcecode.swift; name = AlamofireExtension.swift; path = ../../APILayer/AlamofireExtension.swift; sourceTree = "<group>"; };
		7F46285E1A8B56620075C0FB /* API.swift */ = {isa = PBXFileReference; fileEncoding = 4; lastKnownFileType = sourcecode.swift; name = API.swift; path = ../../APILayer/API.swift; sourceTree = "<group>"; };
		7F4628611A8B56620075C0FB /* ParameterMapper.swift */ = {isa = PBXFileReference; fileEncoding = 4; lastKnownFileType = sourcecode.swift; name = ParameterMapper.swift; path = ../../APILayer/ParameterMapper.swift; sourceTree = "<group>"; };
		7F4628621A8B56620075C0FB /* Router.swift */ = {isa = PBXFileReference; fileEncoding = 4; lastKnownFileType = sourcecode.swift; name = Router.swift; path = ../../APILayer/Router.swift; sourceTree = "<group>"; };
		7F4628631A8B56620075C0FB /* DemoItem.swift */ = {isa = PBXFileReference; fileEncoding = 4; lastKnownFileType = sourcecode.swift; name = DemoItem.swift; path = ../../APILayer/DemoItem.swift; sourceTree = "<group>"; };
		7F46286D1A8B5FEE0075C0FB /* DemoItems.swift */ = {isa = PBXFileReference; fileEncoding = 4; lastKnownFileType = sourcecode.swift; name = DemoItems.swift; path = ../../APILayer/DemoItems.swift; sourceTree = "<group>"; };
		9DD010A21AB49CA0003AD961 /* Alamofire.framework */ = {isa = PBXFileReference; lastKnownFileType = wrapper.framework; path = Alamofire.framework; sourceTree = "<group>"; };
		9DF63E961AB4804100B527B9 /* Mapper.swift */ = {isa = PBXFileReference; fileEncoding = 4; lastKnownFileType = sourcecode.swift; path = Mapper.swift; sourceTree = "<group>"; };
		9DF63E9A1AB4827000B527B9 /* APIProtocols.swift */ = {isa = PBXFileReference; fileEncoding = 4; lastKnownFileType = sourcecode.swift; path = APIProtocols.swift; sourceTree = "<group>"; };
/* End PBXFileReference section */

/* Begin PBXFrameworksBuildPhase section */
		7F117F171A8B518F0060A32D /* Frameworks */ = {
			isa = PBXFrameworksBuildPhase;
			buildActionMask = 2147483647;
			files = (
				9DD010A31AB49CA0003AD961 /* Alamofire.framework in Frameworks */,
			);
			runOnlyForDeploymentPostprocessing = 0;
		};
		7F117F2C1A8B518F0060A32D /* Frameworks */ = {
			isa = PBXFrameworksBuildPhase;
			buildActionMask = 2147483647;
			files = (
			);
			runOnlyForDeploymentPostprocessing = 0;
		};
/* End PBXFrameworksBuildPhase section */

/* Begin PBXGroup section */
		7F117F111A8B518F0060A32D = {
			isa = PBXGroup;
			children = (
				7F117F1C1A8B518F0060A32D /* APILayerDemo */,
				7F117F321A8B518F0060A32D /* APILayerDemoTests */,
				7F117F1B1A8B518F0060A32D /* Products */,
			);
			sourceTree = "<group>";
		};
		7F117F1B1A8B518F0060A32D /* Products */ = {
			isa = PBXGroup;
			children = (
				7F117F1A1A8B518F0060A32D /* APILayerDemo.app */,
				7F117F2F1A8B518F0060A32D /* APILayerDemoTests.xctest */,
			);
			name = Products;
			sourceTree = "<group>";
		};
		7F117F1C1A8B518F0060A32D /* APILayerDemo */ = {
			isa = PBXGroup;
			children = (
				7F46285C1A8B56510075C0FB /* APILayer */,
				7F46285B1A8B55690075C0FB /* UI */,
				7F117F1F1A8B518F0060A32D /* AppDelegate.swift */,
				7F117F1D1A8B518F0060A32D /* Supporting Files */,
			);
			path = APILayerDemo;
			sourceTree = "<group>";
		};
		7F117F1D1A8B518F0060A32D /* Supporting Files */ = {
			isa = PBXGroup;
			children = (
				9DD010A21AB49CA0003AD961 /* Alamofire.framework */,
				7F117F261A8B518F0060A32D /* Images.xcassets */,
				7F117F1E1A8B518F0060A32D /* Info.plist */,
			);
			name = "Supporting Files";
			sourceTree = "<group>";
		};
		7F117F321A8B518F0060A32D /* APILayerDemoTests */ = {
			isa = PBXGroup;
			children = (
				7F117F351A8B518F0060A32D /* APILayerDemoTests.swift */,
				7F117F331A8B518F0060A32D /* Supporting Files */,
			);
			path = APILayerDemoTests;
			sourceTree = "<group>";
		};
		7F117F331A8B518F0060A32D /* Supporting Files */ = {
			isa = PBXGroup;
			children = (
				7F117F341A8B518F0060A32D /* Info.plist */,
			);
			name = "Supporting Files";
			sourceTree = "<group>";
		};
		7F46285B1A8B55690075C0FB /* UI */ = {
			isa = PBXGroup;
			children = (
				7F117F211A8B518F0060A32D /* ViewController.swift */,
				7F117F231A8B518F0060A32D /* Main.storyboard */,
				7F117F281A8B518F0060A32D /* LaunchScreen.xib */,
			);
			name = UI;
			sourceTree = "<group>";
		};
		7F46285C1A8B56510075C0FB /* APILayer */ = {
			isa = PBXGroup;
			children = (
				7F46286C1A8B5FD70075C0FB /* Specific */,
				7F46286B1A8B5FCF0075C0FB /* Core */,
			);
			name = APILayer;
			sourceTree = "<group>";
		};
		7F46286B1A8B5FCF0075C0FB /* Core */ = {
			isa = PBXGroup;
			children = (
				9DF63E9A1AB4827000B527B9 /* APIProtocols.swift */,
				7F46285D1A8B56620075C0FB /* AlamofireExtension.swift */,
				7F46285E1A8B56620075C0FB /* API.swift */,
				7F4628611A8B56620075C0FB /* ParameterMapper.swift */,
			);
			name = Core;
			sourceTree = "<group>";
		};
		7F46286C1A8B5FD70075C0FB /* Specific */ = {
			isa = PBXGroup;
			children = (
				7F46286F1A8B62090075C0FB /* Model */,
				7F4628621A8B56620075C0FB /* Router.swift */,
				9DF63E961AB4804100B527B9 /* Mapper.swift */,
			);
			name = Specific;
			sourceTree = "<group>";
		};
		7F46286F1A8B62090075C0FB /* Model */ = {
			isa = PBXGroup;
			children = (
				7F4628631A8B56620075C0FB /* DemoItem.swift */,
				7F46286D1A8B5FEE0075C0FB /* DemoItems.swift */,
			);
			name = Model;
			sourceTree = "<group>";
		};
/* End PBXGroup section */

/* Begin PBXNativeTarget section */
		7F117F191A8B518F0060A32D /* APILayerDemo */ = {
			isa = PBXNativeTarget;
			buildConfigurationList = 7F117F391A8B518F0060A32D /* Build configuration list for PBXNativeTarget "APILayerDemo" */;
			buildPhases = (
				7F117F161A8B518F0060A32D /* Sources */,
				7F117F171A8B518F0060A32D /* Frameworks */,
				7F117F181A8B518F0060A32D /* Resources */,
				7F46285A1A8B54490075C0FB /* ShellScript */,
				9DF63E9C1AB484BD00B527B9 /* CopyFiles */,
			);
			buildRules = (
			);
			dependencies = (
			);
			name = APILayerDemo;
			productName = APILayerDemo;
			productReference = 7F117F1A1A8B518F0060A32D /* APILayerDemo.app */;
			productType = "com.apple.product-type.application";
		};
		7F117F2E1A8B518F0060A32D /* APILayerDemoTests */ = {
			isa = PBXNativeTarget;
			buildConfigurationList = 7F117F3C1A8B518F0060A32D /* Build configuration list for PBXNativeTarget "APILayerDemoTests" */;
			buildPhases = (
				7F117F2B1A8B518F0060A32D /* Sources */,
				7F117F2C1A8B518F0060A32D /* Frameworks */,
				7F117F2D1A8B518F0060A32D /* Resources */,
				9DF63E981AB480A100B527B9 /* CopyFiles */,
			);
			buildRules = (
			);
			dependencies = (
				7F117F311A8B518F0060A32D /* PBXTargetDependency */,
			);
			name = APILayerDemoTests;
			productName = APILayerDemoTests;
			productReference = 7F117F2F1A8B518F0060A32D /* APILayerDemoTests.xctest */;
			productType = "com.apple.product-type.bundle.unit-test";
		};
/* End PBXNativeTarget section */

/* Begin PBXProject section */
		7F117F121A8B518F0060A32D /* Project object */ = {
			isa = PBXProject;
			attributes = {
				LastUpgradeCheck = 0610;
				ORGANIZATIONNAME = "you & the gang";
				TargetAttributes = {
					7F117F191A8B518F0060A32D = {
						CreatedOnToolsVersion = 6.1.1;
					};
					7F117F2E1A8B518F0060A32D = {
						CreatedOnToolsVersion = 6.1.1;
						TestTargetID = 7F117F191A8B518F0060A32D;
					};
				};
			};
			buildConfigurationList = 7F117F151A8B518F0060A32D /* Build configuration list for PBXProject "APILayerDemo" */;
			compatibilityVersion = "Xcode 3.2";
			developmentRegion = English;
			hasScannedForEncodings = 0;
			knownRegions = (
				en,
				Base,
			);
			mainGroup = 7F117F111A8B518F0060A32D;
			productRefGroup = 7F117F1B1A8B518F0060A32D /* Products */;
			projectDirPath = "";
			projectRoot = "";
			targets = (
				7F117F191A8B518F0060A32D /* APILayerDemo */,
				7F117F2E1A8B518F0060A32D /* APILayerDemoTests */,
			);
		};
/* End PBXProject section */

/* Begin PBXResourcesBuildPhase section */
		7F117F181A8B518F0060A32D /* Resources */ = {
			isa = PBXResourcesBuildPhase;
			buildActionMask = 2147483647;
			files = (
				7F117F251A8B518F0060A32D /* Main.storyboard in Resources */,
				7F117F2A1A8B518F0060A32D /* LaunchScreen.xib in Resources */,
				7F117F271A8B518F0060A32D /* Images.xcassets in Resources */,
			);
			runOnlyForDeploymentPostprocessing = 0;
		};
		7F117F2D1A8B518F0060A32D /* Resources */ = {
			isa = PBXResourcesBuildPhase;
			buildActionMask = 2147483647;
			files = (
			);
			runOnlyForDeploymentPostprocessing = 0;
		};
/* End PBXResourcesBuildPhase section */

/* Begin PBXShellScriptBuildPhase section */
		7F46285A1A8B54490075C0FB /* ShellScript */ = {
			isa = PBXShellScriptBuildPhase;
			buildActionMask = 2147483647;
			files = (
			);
			inputPaths = (
				"$(SRCROOT)/../Carthage/Build/iOS/Alamofire.framework",
			);
			outputPaths = (
			);
			runOnlyForDeploymentPostprocessing = 0;
			shellPath = /bin/sh;
			shellScript = "/usr/local/bin/carthage copy-frameworks";
		};
/* End PBXShellScriptBuildPhase section */

/* Begin PBXSourcesBuildPhase section */
		7F117F161A8B518F0060A32D /* Sources */ = {
			isa = PBXSourcesBuildPhase;
			buildActionMask = 2147483647;
			files = (
				7F4628691A8B56620075C0FB /* Router.swift in Sources */,
				7F117F221A8B518F0060A32D /* ViewController.swift in Sources */,
				7F4628641A8B56620075C0FB /* AlamofireExtension.swift in Sources */,
				9DF63E9B1AB4827000B527B9 /* APIProtocols.swift in Sources */,
				7F46286A1A8B56620075C0FB /* DemoItem.swift in Sources */,
				9DF63E971AB4804100B527B9 /* Mapper.swift in Sources */,
				7F4628651A8B56620075C0FB /* API.swift in Sources */,
				7F4628681A8B56620075C0FB /* ParameterMapper.swift in Sources */,
				7F46286E1A8B5FEE0075C0FB /* DemoItems.swift in Sources */,
				7F117F201A8B518F0060A32D /* AppDelegate.swift in Sources */,
			);
			runOnlyForDeploymentPostprocessing = 0;
		};
		7F117F2B1A8B518F0060A32D /* Sources */ = {
			isa = PBXSourcesBuildPhase;
			buildActionMask = 2147483647;
			files = (
				9DD010A81AB4AB28003AD961 /* APIProtocols.swift in Sources */,
				9DD010A61AB4AB17003AD961 /* Mapper.swift in Sources */,
				9DD010A41AB4AAF2003AD961 /* API.swift in Sources */,
				9DD010AA1AB4AB76003AD961 /* AlamofireExtension.swift in Sources */,
				9DD010A71AB4AB1A003AD961 /* Router.swift in Sources */,
				9DD010AB1AB4ABFC003AD961 /* DemoItem.swift in Sources */,
				9DD010A51AB4AB01003AD961 /* ParameterMapper.swift in Sources */,
				9DD010AC1AB4ABFC003AD961 /* DemoItems.swift in Sources */,
				7F117F361A8B518F0060A32D /* APILayerDemoTests.swift in Sources */,
			);
			runOnlyForDeploymentPostprocessing = 0;
		};
/* End PBXSourcesBuildPhase section */

/* Begin PBXTargetDependency section */
		7F117F311A8B518F0060A32D /* PBXTargetDependency */ = {
			isa = PBXTargetDependency;
			target = 7F117F191A8B518F0060A32D /* APILayerDemo */;
			targetProxy = 7F117F301A8B518F0060A32D /* PBXContainerItemProxy */;
		};
/* End PBXTargetDependency section */

/* Begin PBXVariantGroup section */
		7F117F231A8B518F0060A32D /* Main.storyboard */ = {
			isa = PBXVariantGroup;
			children = (
				7F117F241A8B518F0060A32D /* Base */,
			);
			name = Main.storyboard;
			sourceTree = "<group>";
		};
		7F117F281A8B518F0060A32D /* LaunchScreen.xib */ = {
			isa = PBXVariantGroup;
			children = (
				7F117F291A8B518F0060A32D /* Base */,
			);
			name = LaunchScreen.xib;
			sourceTree = "<group>";
		};
/* End PBXVariantGroup section */

/* Begin XCBuildConfiguration section */
		7F117F371A8B518F0060A32D /* Debug */ = {
			isa = XCBuildConfiguration;
			buildSettings = {
				ALWAYS_SEARCH_USER_PATHS = NO;
				CLANG_CXX_LANGUAGE_STANDARD = "gnu++0x";
				CLANG_CXX_LIBRARY = "libc++";
				CLANG_ENABLE_MODULES = YES;
				CLANG_ENABLE_OBJC_ARC = YES;
				CLANG_WARN_BOOL_CONVERSION = YES;
				CLANG_WARN_CONSTANT_CONVERSION = YES;
				CLANG_WARN_DIRECT_OBJC_ISA_USAGE = YES_ERROR;
				CLANG_WARN_EMPTY_BODY = YES;
				CLANG_WARN_ENUM_CONVERSION = YES;
				CLANG_WARN_INT_CONVERSION = YES;
				CLANG_WARN_OBJC_ROOT_CLASS = YES_ERROR;
				CLANG_WARN_UNREACHABLE_CODE = YES;
				CLANG_WARN__DUPLICATE_METHOD_MATCH = YES;
				"CODE_SIGN_IDENTITY[sdk=iphoneos*]" = "iPhone Developer";
				COPY_PHASE_STRIP = NO;
				ENABLE_STRICT_OBJC_MSGSEND = YES;
				GCC_C_LANGUAGE_STANDARD = gnu99;
				GCC_DYNAMIC_NO_PIC = NO;
				GCC_OPTIMIZATION_LEVEL = 0;
				GCC_PREPROCESSOR_DEFINITIONS = (
					"DEBUG=1",
					"$(inherited)",
				);
				GCC_SYMBOLS_PRIVATE_EXTERN = NO;
				GCC_WARN_64_TO_32_BIT_CONVERSION = YES;
				GCC_WARN_ABOUT_RETURN_TYPE = YES_ERROR;
				GCC_WARN_UNDECLARED_SELECTOR = YES;
				GCC_WARN_UNINITIALIZED_AUTOS = YES_AGGRESSIVE;
				GCC_WARN_UNUSED_FUNCTION = YES;
				GCC_WARN_UNUSED_VARIABLE = YES;
				IPHONEOS_DEPLOYMENT_TARGET = 8.1;
				MTL_ENABLE_DEBUG_INFO = YES;
				ONLY_ACTIVE_ARCH = YES;
				SDKROOT = iphoneos;
				SWIFT_OPTIMIZATION_LEVEL = "-Onone";
			};
			name = Debug;
		};
		7F117F381A8B518F0060A32D /* Release */ = {
			isa = XCBuildConfiguration;
			buildSettings = {
				ALWAYS_SEARCH_USER_PATHS = NO;
				CLANG_CXX_LANGUAGE_STANDARD = "gnu++0x";
				CLANG_CXX_LIBRARY = "libc++";
				CLANG_ENABLE_MODULES = YES;
				CLANG_ENABLE_OBJC_ARC = YES;
				CLANG_WARN_BOOL_CONVERSION = YES;
				CLANG_WARN_CONSTANT_CONVERSION = YES;
				CLANG_WARN_DIRECT_OBJC_ISA_USAGE = YES_ERROR;
				CLANG_WARN_EMPTY_BODY = YES;
				CLANG_WARN_ENUM_CONVERSION = YES;
				CLANG_WARN_INT_CONVERSION = YES;
				CLANG_WARN_OBJC_ROOT_CLASS = YES_ERROR;
				CLANG_WARN_UNREACHABLE_CODE = YES;
				CLANG_WARN__DUPLICATE_METHOD_MATCH = YES;
				"CODE_SIGN_IDENTITY[sdk=iphoneos*]" = "iPhone Developer";
				COPY_PHASE_STRIP = YES;
				ENABLE_NS_ASSERTIONS = NO;
				ENABLE_STRICT_OBJC_MSGSEND = YES;
				GCC_C_LANGUAGE_STANDARD = gnu99;
				GCC_WARN_64_TO_32_BIT_CONVERSION = YES;
				GCC_WARN_ABOUT_RETURN_TYPE = YES_ERROR;
				GCC_WARN_UNDECLARED_SELECTOR = YES;
				GCC_WARN_UNINITIALIZED_AUTOS = YES_AGGRESSIVE;
				GCC_WARN_UNUSED_FUNCTION = YES;
				GCC_WARN_UNUSED_VARIABLE = YES;
				IPHONEOS_DEPLOYMENT_TARGET = 8.1;
				MTL_ENABLE_DEBUG_INFO = NO;
				SDKROOT = iphoneos;
				VALIDATE_PRODUCT = YES;
			};
			name = Release;
		};
		7F117F3A1A8B518F0060A32D /* Debug */ = {
			isa = XCBuildConfiguration;
			buildSettings = {
				ASSETCATALOG_COMPILER_APPICON_NAME = AppIcon;
				FRAMEWORK_SEARCH_PATHS = (
					"$(inherited)",
					/Users/ole/Development/youandthegang/APILayer/Carthage/Build/iOS,
					"$(PROJECT_DIR)/APILayerDemo",
				);
				INFOPLIST_FILE = APILayerDemo/Info.plist;
				LD_RUNPATH_SEARCH_PATHS = "$(inherited) @executable_path/Frameworks";
				PRODUCT_NAME = "$(TARGET_NAME)";
			};
			name = Debug;
		};
		7F117F3B1A8B518F0060A32D /* Release */ = {
			isa = XCBuildConfiguration;
			buildSettings = {
				ASSETCATALOG_COMPILER_APPICON_NAME = AppIcon;
				FRAMEWORK_SEARCH_PATHS = (
					"$(inherited)",
					/Users/ole/Development/youandthegang/APILayer/Carthage/Build/iOS,
					"$(PROJECT_DIR)/APILayerDemo",
				);
				INFOPLIST_FILE = APILayerDemo/Info.plist;
				LD_RUNPATH_SEARCH_PATHS = "$(inherited) @executable_path/Frameworks";
				PRODUCT_NAME = "$(TARGET_NAME)";
			};
			name = Release;
		};
		7F117F3D1A8B518F0060A32D /* Debug */ = {
			isa = XCBuildConfiguration;
			buildSettings = {
				BUNDLE_LOADER = "$(TEST_HOST)";
				FRAMEWORK_SEARCH_PATHS = (
					"$(SDKROOT)/Developer/Library/Frameworks",
					"$(inherited)",
					/Users/ricki/Code/YandtG/POCs/APILayer/Carthage/Build/iOS,
				);
				GCC_PREPROCESSOR_DEFINITIONS = (
					"DEBUG=1",
					"$(inherited)",
				);
				INFOPLIST_FILE = APILayerDemoTests/Info.plist;
				LD_RUNPATH_SEARCH_PATHS = "$(inherited) @executable_path/Frameworks @loader_path/Frameworks";
				PRODUCT_NAME = "$(TARGET_NAME)";
				TEST_HOST = "$(BUILT_PRODUCTS_DIR)/APILayerDemo.app/APILayerDemo";
			};
			name = Debug;
		};
		7F117F3E1A8B518F0060A32D /* Release */ = {
			isa = XCBuildConfiguration;
			buildSettings = {
				BUNDLE_LOADER = "$(TEST_HOST)";
				FRAMEWORK_SEARCH_PATHS = (
					"$(SDKROOT)/Developer/Library/Frameworks",
					"$(inherited)",
					/Users/ricki/Code/YandtG/POCs/APILayer/Carthage/Build/iOS,
				);
				INFOPLIST_FILE = APILayerDemoTests/Info.plist;
				LD_RUNPATH_SEARCH_PATHS = "$(inherited) @executable_path/Frameworks @loader_path/Frameworks";
				PRODUCT_NAME = "$(TARGET_NAME)";
				TEST_HOST = "$(BUILT_PRODUCTS_DIR)/APILayerDemo.app/APILayerDemo";
			};
			name = Release;
		};
/* End XCBuildConfiguration section */

/* Begin XCConfigurationList section */
		7F117F151A8B518F0060A32D /* Build configuration list for PBXProject "APILayerDemo" */ = {
			isa = XCConfigurationList;
			buildConfigurations = (
				7F117F371A8B518F0060A32D /* Debug */,
				7F117F381A8B518F0060A32D /* Release */,
			);
			defaultConfigurationIsVisible = 0;
			defaultConfigurationName = Release;
		};
		7F117F391A8B518F0060A32D /* Build configuration list for PBXNativeTarget "APILayerDemo" */ = {
			isa = XCConfigurationList;
			buildConfigurations = (
				7F117F3A1A8B518F0060A32D /* Debug */,
				7F117F3B1A8B518F0060A32D /* Release */,
			);
			defaultConfigurationIsVisible = 0;
			defaultConfigurationName = Release;
		};
		7F117F3C1A8B518F0060A32D /* Build configuration list for PBXNativeTarget "APILayerDemoTests" */ = {
			isa = XCConfigurationList;
			buildConfigurations = (
				7F117F3D1A8B518F0060A32D /* Debug */,
				7F117F3E1A8B518F0060A32D /* Release */,
			);
			defaultConfigurationIsVisible = 0;
			defaultConfigurationName = Release;
		};
/* End XCConfigurationList section */
	};
	rootObject = 7F117F121A8B518F0060A32D /* Project object */;
}
